<?xml version="1.0" encoding="utf-8"?>
<Project ToolsVersion="4.0" xmlns="http://schemas.microsoft.com/developer/msbuild/2003">
  <ItemGroup>
    <Filter Include="Source Files">
      <UniqueIdentifier>{4FC737F1-C7A5-4376-A066-2A32D752A2FF}</UniqueIdentifier>
      <Extensions>cpp;c;cc;cxx;def;odl;idl;hpj;bat;asm;asmx</Extensions>
    </Filter>
    <Filter Include="Header Files">
      <UniqueIdentifier>{93995380-89BD-4b04-88EB-625FBE52EBFB}</UniqueIdentifier>
      <Extensions>h;hh;hpp;hxx;hm;inl;inc;xsd</Extensions>
    </Filter>
    <Filter Include="Resource Files">
      <UniqueIdentifier>{67DA6AB6-F800-4c08-8B7A-83BB121AAD01}</UniqueIdentifier>
      <Extensions>rc;ico;cur;bmp;dlg;rc2;rct;bin;rgs;gif;jpg;jpeg;jpe;resx;tiff;tif;png;wav;mfcribbon-ms</Extensions>
    </Filter>
    <Filter Include="Header Files\NewFilter1">
      <UniqueIdentifier>{8fd57d88-bfa0-418c-862e-ba4203856b14}</UniqueIdentifier>
    </Filter>
    <Filter Include="Source Files\NewFilter1">
      <UniqueIdentifier>{69c379c7-2ef0-47e7-b55d-6ec5dd94f96d}</UniqueIdentifier>
    </Filter>
  </ItemGroup>
  <ItemGroup>
    <ClInclude Include="DynKnn4.h">
      <Filter>Header Files</Filter>
    </ClInclude>
    <ClInclude Include="DynKnn.h">
      <Filter>Header Files</Filter>
    </ClInclude>
    <ClInclude Include="mymath.h">
      <Filter>Header Files</Filter>
    </ClInclude>
    <ClInclude Include="dynamical.h">
      <Filter>Header Files</Filter>
    </ClInclude>
    <ClInclude Include="ANN/bd_tree.h">
      <Filter>Header Files\NewFilter1</Filter>
    </ClInclude>
    <ClInclude Include="ANN/kd_fix_rad_search.h">
      <Filter>Header Files\NewFilter1</Filter>
    </ClInclude>
    <ClInclude Include="ANN/kd_pr_search.h">
      <Filter>Header Files\NewFilter1</Filter>
    </ClInclude>
    <ClInclude Include="ANN/kd_search.h">
      <Filter>Header Files\NewFilter1</Filter>
    </ClInclude>
    <ClInclude Include="ANN/kd_split.h">
      <Filter>Header Files\NewFilter1</Filter>
    </ClInclude>
    <ClInclude Include="ANN/kd_tree.h">
      <Filter>Header Files\NewFilter1</Filter>
    </ClInclude>
    <ClInclude Include="ANN/kd_util.h">
      <Filter>Header Files\NewFilter1</Filter>
    </ClInclude>
    <ClInclude Include="ANN/pr_queue.h">
      <Filter>Header Files\NewFilter1</Filter>
    </ClInclude>
    <ClInclude Include="ANN/pr_queue_k.h">
      <Filter>Header Files\NewFilter1</Filter>
    </ClInclude>
    <ClInclude Include="ANn.h">
      <Filter>Header Files\NewFilter1</Filter>
    </ClInclude>
    <ClInclude Include="annperf.h">
      <Filter>Header Files\NewFilter1</Filter>
    </ClInclude>
    <ClInclude Include="ANNx.h">
      <Filter>Header Files\NewFilter1</Filter>
    </ClInclude>
  </ItemGroup>
  <ItemGroup>
    <ClCompile Include="DynKnn4.cpp">
      <Filter>Source Files</Filter>
    </ClCompile>
    <ClCompile Include="DynKnn.cpp">
      <Filter>Source Files</Filter>
    </ClCompile>
    <ClCompile Include="mymath.cpp">
      <Filter>Source Files</Filter>
    </ClCompile>
    <ClCompile Include="dynamical.cpp">
      <Filter>Source Files</Filter>
    </ClCompile>
    <ClCompile Include="ANN/perf.cpp">
      <Filter>Source Files\NewFilter1</Filter>
    </ClCompile>
    <ClCompile Include="ANN/kd_util.cpp">
      <Filter>Source Files\NewFilter1</Filter>
    </ClCompile>
    <ClCompile Include="ANN/kd_tree.cpp">
      <Filter>Source Files\NewFilter1</Filter>
    </ClCompile>
    <ClCompile Include="ANN/kd_split.cpp">
      <Filter>Source Files\NewFilter1</Filter>
    </ClCompile>
    <ClCompile Include="ANN/kd_search.cpp">
      <Filter>Source Files\NewFilter1</Filter>
    </ClCompile>
    <ClCompile Include="ANN/kd_pr_search.cpp">
      <Filter>Source Files\NewFilter1</Filter>
    </ClCompile>
    <ClCompile Include="ANN/kd_dump.cpp">
      <Filter>Source Files\NewFilter1</Filter>
    </ClCompile>
    <ClCompile Include="ANN/kd_fix_rad_search.cpp">
      <Filter>Source Files\NewFilter1</Filter>
    </ClCompile>
    <ClCompile Include="ANN/brute.cpp">
      <Filter>Source Files\NewFilter1</Filter>
    </ClCompile>
    <ClCompile Include="ANN/bd_tree.cpp">
      <Filter>Source Files\NewFilter1</Filter>
    </ClCompile>
    <ClCompile Include="ANN/bd_search.cpp">
      <Filter>Source Files\NewFilter1</Filter>
    </ClCompile>
    <ClCompile Include="ANN/bd_pr_search.cpp">
      <Filter>Source Files\NewFilter1</Filter>
    </ClCompile>
    <ClCompile Include="ANN/bd_fix_rad_search.cpp">
      <Filter>Source Files\NewFilter1</Filter>
    </ClCompile>
    <ClCompile Include="ANn.cpp">
      <Filter>Source Files\NewFilter1</Filter>
    </ClCompile>
  </ItemGroup>
</Project>